
Microsoft Visual Studio Solution File, Format Version 12.00
# Visual Studio Version 17
VisualStudioVersion = 17.9.34728.123
MinimumVisualStudioVersion = 10.0.40219.1
Project("{FAE04EC0-301F-11D3-BF4B-00C04F79EFBC}") = "DemoApp", "DemoApp\DemoApp.csproj", "{5697BA5D-1B95-443D-ACD4-05388CD98DC0}"
EndProject
Global
	GlobalSection(SolutionConfigurationPlatforms) = preSolution
		Debug|Any CPU = Debug|Any CPU
		Release|Any CPU = Release|Any CPU
	EndGlobalSection
	GlobalSection(ProjectConfigurationPlatforms) = postSolution
		{5697BA5D-1B95-443D-ACD4-05388CD98DC0}.Debug|Any CPU.ActiveCfg = Debug|Any CPU
		{5697BA5D-1B95-443D-ACD4-05388CD98DC0}.Debug|Any CPU.Build.0 = Debug|Any CPU
		{5697BA5D-1B95-443D-ACD4-05388CD98DC0}.Release|Any CPU.ActiveCfg = Release|Any CPU
		{5697BA5D-1B95-443D-ACD4-05388CD98DC0}.Release|Any CPU.Build.0 = Release|Any CPU
	EndGlobalSection
	GlobalSection(SolutionProperties) = preSolution
		HideSolutionNode = FALSE
	EndGlobalSection
	GlobalSection(ExtensibilityGlobals) = postSolution
		SolutionGuid = {F303B096-9477-497B-BB91-E8F39BCDF27C}
	EndGlobalSection
EndGlobal
